
Microsoft Visual Studio Solution File, Format Version 12.00
Project("{FAE04EC0-301F-11D3-BF4B-00C04F79EFBC}") = "OnlineStore", "OnlineStore\OnlineStore.csproj", "{57A60211-91C8-4A2C-A82E-B8A0F3501CBE}"
EndProject
Project("{2150E333-8FDC-42A3-9474-1A3956D46DE8}") = "src", "src", "{E022800F-6323-477C-8E7A-8D3C966B624D}"
EndProject
Project("{2150E333-8FDC-42A3-9474-1A3956D46DE8}") = "test", "test", "{C9B6F527-4B4D-450C-8533-43F7BDE22429}"
EndProject
Project("{FAE04EC0-301F-11D3-BF4B-00C04F79EFBC}") = "OnlineStoreTests", "OnlineStoreTests\OnlineStoreTests.csproj", "{A390C27E-F40E-4C9F-8FD5-34654723CEC4}"
EndProject
Global
	GlobalSection(SolutionConfigurationPlatforms) = preSolution
		Debug|Any CPU = Debug|Any CPU
		Release|Any CPU = Release|Any CPU
	EndGlobalSection
	GlobalSection(ProjectConfigurationPlatforms) = postSolution
		{57A60211-91C8-4A2C-A82E-B8A0F3501CBE}.Debug|Any CPU.ActiveCfg = Debug|Any CPU
		{57A60211-91C8-4A2C-A82E-B8A0F3501CBE}.Debug|Any CPU.Build.0 = Debug|Any CPU
		{57A60211-91C8-4A2C-A82E-B8A0F3501CBE}.Release|Any CPU.ActiveCfg = Release|Any CPU
		{57A60211-91C8-4A2C-A82E-B8A0F3501CBE}.Release|Any CPU.Build.0 = Release|Any CPU
		{A390C27E-F40E-4C9F-8FD5-34654723CEC4}.Debug|Any CPU.ActiveCfg = Debug|Any CPU
		{A390C27E-F40E-4C9F-8FD5-34654723CEC4}.Debug|Any CPU.Build.0 = Debug|Any CPU
		{A390C27E-F40E-4C9F-8FD5-34654723CEC4}.Release|Any CPU.ActiveCfg = Release|Any CPU
		{A390C27E-F40E-4C9F-8FD5-34654723CEC4}.Release|Any CPU.Build.0 = Release|Any CPU
	EndGlobalSection
	GlobalSection(NestedProjects) = preSolution
		{57A60211-91C8-4A2C-A82E-B8A0F3501CBE} = {E022800F-6323-477C-8E7A-8D3C966B624D}
		{A390C27E-F40E-4C9F-8FD5-34654723CEC4} = {C9B6F527-4B4D-450C-8533-43F7BDE22429}
	EndGlobalSection
EndGlobal
